Microsoft Visual Studio Solution File, Format Version 12.00
# Visual Studio Version 17
VisualStudioVersion = 17.5.2.0
MinimumVisualStudioVersion = 10.0.40219.1
Project("{FAE04EC0-301F-11D3-BF4B-00C04F79EFBC}") = "VyaparAI.Api", "VyaparAI.Api\VyaparAI.Api.csproj", "{60049F25-A345-7548-D57C-4AFF1F9FBBC9}"
EndProject
Global
	GlobalSection(SolutionConfigurationPlatforms) = preSolution
		Debug|Any CPU = Debug|Any CPU
		Release|Any CPU = Release|Any CPU
	EndGlobalSection
	GlobalSection(ProjectConfigurationPlatforms) = postSolution
		{60049F25-A345-7548-D57C-4AFF1F9FBBC9}.Debug|Any CPU.ActiveCfg = Debug|Any CPU
		{60049F25-A345-7548-D57C-4AFF1F9FBBC9}.Debug|Any CPU.Build.0 = Debug|Any CPU
		{60049F25-A345-7548-D57C-4AFF1F9FBBC9}.Release|Any CPU.ActiveCfg = Release|Any CPU
		{60049F25-A345-7548-D57C-4AFF1F9FBBC9}.Release|Any CPU.Build.0 = Release|Any CPU
	EndGlobalSection
	GlobalSection(SolutionProperties) = preSolution
		HideSolutionNode = FALSE
	EndGlobalSection
	GlobalSection(ExtensibilityGlobals) = postSolution
		SolutionGuid = {88D7A5D2-B455-40EA-BB4B-1A4559E41BAC}
	EndGlobalSection
EndGlobal
